
Microsoft Visual Studio Solution File, Format Version 12.00
# Visual Studio Version 16
VisualStudioVersion = 16.0.32510.428
MinimumVisualStudioVersion = 10.0.40219.1
Project("{8BC9CEB8-8B4A-11D0-8D11-00A0C91BC942}") = "Moon_Patrol_Dantuono", "Moon_Patrol_Dantuono.vcxproj", "{C2111C12-AE70-4396-8657-E64FACC8F8F2}"
EndProject
Global
	GlobalSection(SolutionConfigurationPlatforms) = preSolution
		Debug|x64 = Debug|x64
		Debug|x86 = Debug|x86
		Release|x64 = Release|x64
		Release|x86 = Release|x86
	EndGlobalSection
	GlobalSection(ProjectConfigurationPlatforms) = postSolution
		{C2111C12-AE70-4396-8657-E64FACC8F8F2}.Debug|x64.ActiveCfg = Debug|x64
		{C2111C12-AE70-4396-8657-E64FACC8F8F2}.Debug|x64.Build.0 = Debug|x64
		{C2111C12-AE70-4396-8657-E64FACC8F8F2}.Debug|x86.ActiveCfg = Debug|Win32
		{C2111C12-AE70-4396-8657-E64FACC8F8F2}.Debug|x86.Build.0 = Debug|Win32
		{C2111C12-AE70-4396-8657-E64FACC8F8F2}.Release|x64.ActiveCfg = Release|x64
		{C2111C12-AE70-4396-8657-E64FACC8F8F2}.Release|x64.Build.0 = Release|x64
		{C2111C12-AE70-4396-8657-E64FACC8F8F2}.Release|x86.ActiveCfg = Release|Win32
		{C2111C12-AE70-4396-8657-E64FACC8F8F2}.Release|x86.Build.0 = Release|Win32
	EndGlobalSection
	GlobalSection(SolutionProperties) = preSolution
		HideSolutionNode = FALSE
	EndGlobalSection
	GlobalSection(ExtensibilityGlobals) = postSolution
		SolutionGuid = {0C585332-A58D-4F6C-9C6F-F7BDEF603D63}
	EndGlobalSection
EndGlobal
