<?xml version="1.0" encoding="utf-8"?>
<Project ToolsVersion="4.0" xmlns="http://schemas.microsoft.com/developer/msbuild/2003">
  <ItemGroup>
    <Filter Include="src">
      <UniqueIdentifier>{40286386-e7f2-4c92-9a73-9239b27615b3}</UniqueIdentifier>
    </Filter>
    <Filter Include="src\Objects">
      <UniqueIdentifier>{3cdefbf7-8401-4893-8125-1cf1b1daf81d}</UniqueIdentifier>
    </Filter>
    <Filter Include="src\Scenes">
      <UniqueIdentifier>{5448e8e8-c1c2-4ce2-8dfa-3b347e058393}</UniqueIdentifier>
    </Filter>
    <Filter Include="src\Tools">
      <UniqueIdentifier>{73fe670b-005a-4cef-9716-632d793da390}</UniqueIdentifier>
    </Filter>
  </ItemGroup>
  <ItemGroup>
    <ClCompile Include="src\Objects\Obstacle.cpp">
      <Filter>src\Objects</Filter>
    </ClCompile>
    <ClCompile Include="src\Objects\Player.cpp">
      <Filter>src\Objects</Filter>
    </ClCompile>
    <ClCompile Include="src\Objects\score.cpp">
      <Filter>src\Objects</Filter>
    </ClCompile>
    <ClCompile Include="src\Objects\shoot.cpp">
      <Filter>src\Objects</Filter>
    </ClCompile>
    <ClCompile Include="src\Scenes\CurrentScreen.cpp">
      <Filter>src\Scenes</Filter>
    </ClCompile>
    <ClCompile Include="src\Scenes\Game.cpp">
      <Filter>src\Scenes</Filter>
    </ClCompile>
    <ClCompile Include="src\tools\Assets.cpp">
      <Filter>src\Tools</Filter>
    </ClCompile>
    <ClCompile Include="src\tools\timer.cpp">
      <Filter>src\Tools</Filter>
    </ClCompile>
    <ClCompile Include="src\main.cpp" />
    <ClCompile Include="src\Scenes\Credits.cpp">
      <Filter>src\Scenes</Filter>
    </ClCompile>
    <ClCompile Include="src\Scenes\Menu.cpp">
      <Filter>src\Scenes</Filter>
    </ClCompile>
    <ClCompile Include="src\Scenes\Rules.cpp">
      <Filter>src\Scenes</Filter>
    </ClCompile>
  </ItemGroup>
  <ItemGroup>
    <ClInclude Include="src\Objects\obstacle.h">
      <Filter>src\Objects</Filter>
    </ClInclude>
    <ClInclude Include="src\Objects\player.h">
      <Filter>src\Objects</Filter>
    </ClInclude>
    <ClInclude Include="src\Objects\score.h">
      <Filter>src\Objects</Filter>
    </ClInclude>
    <ClInclude Include="src\Objects\shoot.h">
      <Filter>src\Objects</Filter>
    </ClInclude>
    <ClInclude Include="src\Scenes\currentScreen.h">
      <Filter>src\Scenes</Filter>
    </ClInclude>
    <ClInclude Include="src\Scenes\Game.h">
      <Filter>src\Scenes</Filter>
    </ClInclude>
    <ClInclude Include="src\tools\assets.h">
      <Filter>src\Tools</Filter>
    </ClInclude>
    <ClInclude Include="src\tools\timer.h">
      <Filter>src\Tools</Filter>
    </ClInclude>
    <ClInclude Include="src\Scenes\Credits.h">
      <Filter>src\Scenes</Filter>
    </ClInclude>
    <ClInclude Include="src\Scenes\Menu.h">
      <Filter>src\Scenes</Filter>
    </ClInclude>
    <ClInclude Include="src\Scenes\Rules.h">
      <Filter>src\Scenes</Filter>
    </ClInclude>
  </ItemGroup>
</Project>